// !$*UTF8*$!
{
	archiveVersion = 1;
	classes = {
	};
	objectVersion = 46;
	objects = {

/* Begin PBXBuildFile section */
		2E4BA6235A6A37C8D038C69D /* Pods_AvaChallenge.framework in Frameworks */ = {isa = PBXBuildFile; fileRef = 3AEF346871057F61D4FD54D3 /* Pods_AvaChallenge.framework */; };
		3CB4A1C98116688B2DEF4945 /* AvaMessageCenter.swift in Sources */ = {isa = PBXBuildFile; fileRef = 3CB4A8000FA40CBDBC4AB470 /* AvaMessageCenter.swift */; };
		3CB4A2131438B1240A69836D /* Main.storyboard in Resources */ = {isa = PBXBuildFile; fileRef = 3CB4AF9BFF9BE7018F2C29B4 /* Main.storyboard */; };
		3CB4A5AC24277C9BB701F40E /* UITableView+Scroll.swift in Sources */ = {isa = PBXBuildFile; fileRef = 3CB4A0B08CBB6BA3FFFE02B5 /* UITableView+Scroll.swift */; };
		3CB4A5B78781C0E6F3F1DEE9 /* AvaMessage.swift in Sources */ = {isa = PBXBuildFile; fileRef = 3CB4A1F5D5052D3D7ECD94DF /* AvaMessage.swift */; };
		3CB4A6312E516C3F4674CF11 /* ProfileIconView.swift in Sources */ = {isa = PBXBuildFile; fileRef = 3CB4A011AC766D99FA3B47C4 /* ProfileIconView.swift */; };
		3CB4A6DFBB930A0115443352 /* ClientInfo.plist in Resources */ = {isa = PBXBuildFile; fileRef = 3CB4AD262A9269E714471675 /* ClientInfo.plist */; };
		3CB4A7E379B5DDB720549779 /* AppDelegate.swift in Sources */ = {isa = PBXBuildFile; fileRef = 3CB4ADEC84B3DF7F3C27E9F0 /* AppDelegate.swift */; };
		3CB4A919DE3BD4FD7CEE5A26 /* Assets.xcassets in Resources */ = {isa = PBXBuildFile; fileRef = 3CB4AE4D8EFB2E01E7820279 /* Assets.xcassets */; };
		3CB4A9A5A53144B940ACAD5F /* AvaUser.swift in Sources */ = {isa = PBXBuildFile; fileRef = 3CB4ADE56A795A31D870DEC7 /* AvaUser.swift */; };
		3CB4AB36AF61183C4C1108CC /* Bool+Int.swift in Sources */ = {isa = PBXBuildFile; fileRef = 3CB4A709439EE771591B8D26 /* Bool+Int.swift */; };
		3CB4AB39ACC60FE35C3E7834 /* TranscriptionPageViewController.swift in Sources */ = {isa = PBXBuildFile; fileRef = 3CB4A86BC1019BDFABDDB272 /* TranscriptionPageViewController.swift */; };
		3CB4ABA6D67695FEF1290CDD /* TranscriptCell.swift in Sources */ = {isa = PBXBuildFile; fileRef = 3CB4AB864046131E7C171124 /* TranscriptCell.swift */; };
		3CB4AC21C494EB1B848F8157 /* AudioUtils.swift in Sources */ = {isa = PBXBuildFile; fileRef = 3CB4AFDF094AD48CD130EA71 /* AudioUtils.swift */; };
		3CB4AEC60668E5BFD8C55E4A /* AudioManager.swift in Sources */ = {isa = PBXBuildFile; fileRef = 3CB4AF3B3A98C2D0BEFE5E3E /* AudioManager.swift */; };
		3CB4AF48B0056080FC3AD301 /* LaunchScreen.storyboard in Resources */ = {isa = PBXBuildFile; fileRef = 3CB4ADC7F74385B1C2BA8872 /* LaunchScreen.storyboard */; };
		3CB4AFEB482D11D5AD552799 /* DataFlowNotes in Resources */ = {isa = PBXBuildFile; fileRef = 3CB4A12829E23C9D9B876045 /* DataFlowNotes */; };
		CB0896F21D5B4466007C6A28 /* AvaMessageCluster.swift in Sources */ = {isa = PBXBuildFile; fileRef = CB0896F11D5B4466007C6A28 /* AvaMessageCluster.swift */; };
		CB0896F61D5B5A1B007C6A28 /* TranscriptHeaderView.swift in Sources */ = {isa = PBXBuildFile; fileRef = CB0896F51D5B5A1B007C6A28 /* TranscriptHeaderView.swift */; };
		CB15F9861D599B17002865B3 /* AvaMessage+TableView.swift in Sources */ = {isa = PBXBuildFile; fileRef = CB15F9851D599B17002865B3 /* AvaMessage+TableView.swift */; };
		CB60DAD81D5B74C000CF6E28 /* TranscriptHeaderView.xib in Resources */ = {isa = PBXBuildFile; fileRef = CB60DAD71D5B74C000CF6E28 /* TranscriptHeaderView.xib */; };
/* End PBXBuildFile section */

/* Begin PBXFileReference section */
		177D471B53E8676061FCFC1B /* Pods-AvaChallenge.debug.xcconfig */ = {isa = PBXFileReference; includeInIndex = 1; lastKnownFileType = text.xcconfig; name = "Pods-AvaChallenge.debug.xcconfig"; path = "Pods/Target Support Files/Pods-AvaChallenge/Pods-AvaChallenge.debug.xcconfig"; sourceTree = "<group>"; };
		3AEF346871057F61D4FD54D3 /* Pods_AvaChallenge.framework */ = {isa = PBXFileReference; explicitFileType = wrapper.framework; includeInIndex = 0; path = Pods_AvaChallenge.framework; sourceTree = BUILT_PRODUCTS_DIR; };
		3CB4A011AC766D99FA3B47C4 /* ProfileIconView.swift */ = {isa = PBXFileReference; fileEncoding = 4; lastKnownFileType = sourcecode.swift; path = ProfileIconView.swift; sourceTree = "<group>"; };
		3CB4A0B08CBB6BA3FFFE02B5 /* UITableView+Scroll.swift */ = {isa = PBXFileReference; fileEncoding = 4; lastKnownFileType = sourcecode.swift; path = "UITableView+Scroll.swift"; sourceTree = "<group>"; };
		3CB4A12829E23C9D9B876045 /* DataFlowNotes */ = {isa = PBXFileReference; fileEncoding = 4; lastKnownFileType = text; path = DataFlowNotes; sourceTree = "<group>"; };
		3CB4A1F5D5052D3D7ECD94DF /* AvaMessage.swift */ = {isa = PBXFileReference; fileEncoding = 4; lastKnownFileType = sourcecode.swift; path = AvaMessage.swift; sourceTree = "<group>"; };
		3CB4A568EA3CEF97CCC7BED8 /* Base */ = {isa = PBXFileReference; lastKnownFileType = file.storyboard; name = Base; path = Base.lproj/LaunchScreen.storyboard; sourceTree = "<group>"; };
		3CB4A709439EE771591B8D26 /* Bool+Int.swift */ = {isa = PBXFileReference; fileEncoding = 4; lastKnownFileType = sourcecode.swift; path = "Bool+Int.swift"; sourceTree = "<group>"; };
		3CB4A8000FA40CBDBC4AB470 /* AvaMessageCenter.swift */ = {isa = PBXFileReference; fileEncoding = 4; lastKnownFileType = sourcecode.swift; path = AvaMessageCenter.swift; sourceTree = "<group>"; };
		3CB4A86BC1019BDFABDDB272 /* TranscriptionPageViewController.swift */ = {isa = PBXFileReference; fileEncoding = 4; lastKnownFileType = sourcecode.swift; path = TranscriptionPageViewController.swift; sourceTree = "<group>"; };
		3CB4A8DF0BE51999C0B54F57 /* Info.plist */ = {isa = PBXFileReference; fileEncoding = 4; lastKnownFileType = text.plist.info; path = Info.plist; sourceTree = "<group>"; };
		3CB4AB864046131E7C171124 /* TranscriptCell.swift */ = {isa = PBXFileReference; fileEncoding = 4; lastKnownFileType = sourcecode.swift; path = TranscriptCell.swift; sourceTree = "<group>"; };
		3CB4AC0ED239F442001DB515 /* Base */ = {isa = PBXFileReference; lastKnownFileType = file.storyboard; name = Base; path = Base.lproj/Main.storyboard; sourceTree = "<group>"; };
		3CB4AD262A9269E714471675 /* ClientInfo.plist */ = {isa = PBXFileReference; fileEncoding = 4; lastKnownFileType = text.plist.info; path = ClientInfo.plist; sourceTree = "<group>"; };
		3CB4ADE56A795A31D870DEC7 /* AvaUser.swift */ = {isa = PBXFileReference; fileEncoding = 4; lastKnownFileType = sourcecode.swift; path = AvaUser.swift; sourceTree = "<group>"; };
		3CB4ADEC84B3DF7F3C27E9F0 /* AppDelegate.swift */ = {isa = PBXFileReference; fileEncoding = 4; lastKnownFileType = sourcecode.swift; path = AppDelegate.swift; sourceTree = "<group>"; };
		3CB4AE4D8EFB2E01E7820279 /* Assets.xcassets */ = {isa = PBXFileReference; lastKnownFileType = folder.assetcatalog; path = Assets.xcassets; sourceTree = "<group>"; };
		3CB4AF3B3A98C2D0BEFE5E3E /* AudioManager.swift */ = {isa = PBXFileReference; fileEncoding = 4; lastKnownFileType = sourcecode.swift; path = AudioManager.swift; sourceTree = "<group>"; };
		3CB4AFDF094AD48CD130EA71 /* AudioUtils.swift */ = {isa = PBXFileReference; fileEncoding = 4; lastKnownFileType = sourcecode.swift; path = AudioUtils.swift; sourceTree = "<group>"; };
		3E887ADCC34BEF5D3D42EAC5 /* Pods-AvaChallenge.release.xcconfig */ = {isa = PBXFileReference; includeInIndex = 1; lastKnownFileType = text.xcconfig; name = "Pods-AvaChallenge.release.xcconfig"; path = "Pods/Target Support Files/Pods-AvaChallenge/Pods-AvaChallenge.release.xcconfig"; sourceTree = "<group>"; };
		CB0896F11D5B4466007C6A28 /* AvaMessageCluster.swift */ = {isa = PBXFileReference; fileEncoding = 4; lastKnownFileType = sourcecode.swift; path = AvaMessageCluster.swift; sourceTree = "<group>"; };
		CB0896F51D5B5A1B007C6A28 /* TranscriptHeaderView.swift */ = {isa = PBXFileReference; fileEncoding = 4; lastKnownFileType = sourcecode.swift; path = TranscriptHeaderView.swift; sourceTree = "<group>"; };
		CB15F9851D599B17002865B3 /* AvaMessage+TableView.swift */ = {isa = PBXFileReference; fileEncoding = 4; lastKnownFileType = sourcecode.swift; path = "AvaMessage+TableView.swift"; sourceTree = "<group>"; };
		CB60DAD71D5B74C000CF6E28 /* TranscriptHeaderView.xib */ = {isa = PBXFileReference; fileEncoding = 4; lastKnownFileType = file.xib; path = TranscriptHeaderView.xib; sourceTree = "<group>"; };
		CB721F551D57F4DB00064085 /* AvaChallenge.app */ = {isa = PBXFileReference; explicitFileType = wrapper.application; includeInIndex = 0; path = AvaChallenge.app; sourceTree = BUILT_PRODUCTS_DIR; };
/* End PBXFileReference section */

/* Begin PBXFrameworksBuildPhase section */
		CB721F521D57F4DB00064085 /* Frameworks */ = {
			isa = PBXFrameworksBuildPhase;
			buildActionMask = 2147483647;
			files = (
				2E4BA6235A6A37C8D038C69D /* Pods_AvaChallenge.framework in Frameworks */,
			);
			runOnlyForDeploymentPostprocessing = 0;
		};
/* End PBXFrameworksBuildPhase section */

/* Begin PBXGroup section */
		3CB4A03DD65432407DA535A9 /* Model */ = {
			isa = PBXGroup;
			children = (
				3CB4A1F5D5052D3D7ECD94DF /* AvaMessage.swift */,
				3CB4A8000FA40CBDBC4AB470 /* AvaMessageCenter.swift */,
				CB0896F11D5B4466007C6A28 /* AvaMessageCluster.swift */,
				3CB4ADE56A795A31D870DEC7 /* AvaUser.swift */,
			);
			path = Model;
			sourceTree = "<group>";
		};
		3CB4A048A2FA9F12FE59D406 /* Helpers and Extensions */ = {
			isa = PBXGroup;
			children = (
				3CB4A0B08CBB6BA3FFFE02B5 /* UITableView+Scroll.swift */,
				3CB4A709439EE771591B8D26 /* Bool+Int.swift */,
				CB15F9851D599B17002865B3 /* AvaMessage+TableView.swift */,
			);
			path = "Helpers and Extensions";
			sourceTree = "<group>";
		};
		3CB4A4829CDE1D286BBB0D48 /* Resources */ = {
			isa = PBXGroup;
			children = (
				3CB4ADEC84B3DF7F3C27E9F0 /* AppDelegate.swift */,
			);
			path = Resources;
			sourceTree = "<group>";
		};
		3CB4AC2C104632B97DBAB181 /* Views */ = {
			isa = PBXGroup;
			children = (
				3CB4A011AC766D99FA3B47C4 /* ProfileIconView.swift */,
				3CB4AB864046131E7C171124 /* TranscriptCell.swift */,
				CB0896F51D5B5A1B007C6A28 /* TranscriptHeaderView.swift */,
			);
			path = Views;
			sourceTree = "<group>";
		};
		3CB4ADC9D90D6353FFC351F5 /* Graphics + Layout */ = {
			isa = PBXGroup;
			children = (
				3CB4AE4D8EFB2E01E7820279 /* Assets.xcassets */,
				3CB4ADC7F74385B1C2BA8872 /* LaunchScreen.storyboard */,
				3CB4AF9BFF9BE7018F2C29B4 /* Main.storyboard */,
			);
			name = "Graphics + Layout";
			sourceTree = "<group>";
		};
		3CB4AE4880FED0150A2D5524 /* View Controllers */ = {
			isa = PBXGroup;
			children = (
				3CB4A86BC1019BDFABDDB272 /* TranscriptionPageViewController.swift */,
			);
			path = "View Controllers";
			sourceTree = "<group>";
		};
		3CB4AF060C26A4E88FEF81E8 /* AV Classes */ = {
			isa = PBXGroup;
			children = (
				3CB4AF3B3A98C2D0BEFE5E3E /* AudioManager.swift */,
				3CB4AFDF094AD48CD130EA71 /* AudioUtils.swift */,
			);
			path = "AV Classes";
			sourceTree = "<group>";
		};
		66C94798A66FD428FE21E26C /* Pods */ = {
			isa = PBXGroup;
			children = (
				177D471B53E8676061FCFC1B /* Pods-AvaChallenge.debug.xcconfig */,
				3E887ADCC34BEF5D3D42EAC5 /* Pods-AvaChallenge.release.xcconfig */,
			);
			name = Pods;
			sourceTree = "<group>";
		};
		B89AD1F21FAB5538F3613037 /* Frameworks */ = {
			isa = PBXGroup;
			children = (
				3AEF346871057F61D4FD54D3 /* Pods_AvaChallenge.framework */,
			);
			name = Frameworks;
			sourceTree = "<group>";
		};
		CB721F4C1D57F4DB00064085 = {
			isa = PBXGroup;
			children = (
				CB721F571D57F4DB00064085 /* AvaChallenge */,
				CB721F561D57F4DB00064085 /* Products */,
				66C94798A66FD428FE21E26C /* Pods */,
				B89AD1F21FAB5538F3613037 /* Frameworks */,
			);
			sourceTree = "<group>";
		};
		CB721F561D57F4DB00064085 /* Products */ = {
			isa = PBXGroup;
			children = (
				CB721F551D57F4DB00064085 /* AvaChallenge.app */,
			);
			name = Products;
			sourceTree = "<group>";
		};
		CB721F571D57F4DB00064085 /* AvaChallenge */ = {
			isa = PBXGroup;
			children = (
				CB60DAD71D5B74C000CF6E28 /* TranscriptHeaderView.xib */,
				3CB4AF060C26A4E88FEF81E8 /* AV Classes */,
				3CB4ADC9D90D6353FFC351F5 /* Graphics + Layout */,
				3CB4A048A2FA9F12FE59D406 /* Helpers and Extensions */,
				3CB4A03DD65432407DA535A9 /* Model */,
				3CB4A4829CDE1D286BBB0D48 /* Resources */,
				3CB4AE4880FED0150A2D5524 /* View Controllers */,
				3CB4AC2C104632B97DBAB181 /* Views */,
				3CB4A8DF0BE51999C0B54F57 /* Info.plist */,
				3CB4A12829E23C9D9B876045 /* DataFlowNotes */,
				3CB4AD262A9269E714471675 /* ClientInfo.plist */,
			);
			path = AvaChallenge;
			sourceTree = "<group>";
		};
/* End PBXGroup section */

/* Begin PBXNativeTarget section */
		CB721F541D57F4DB00064085 /* AvaChallenge */ = {
			isa = PBXNativeTarget;
			buildConfigurationList = CB721F671D57F4DB00064085 /* Build configuration list for PBXNativeTarget "AvaChallenge" */;
			buildPhases = (
				7DA70A2D385A31AB7CF2DB2B /* [CP] Check Pods Manifest.lock */,
				CB721F511D57F4DB00064085 /* Sources */,
				CB721F521D57F4DB00064085 /* Frameworks */,
				CB721F531D57F4DB00064085 /* Resources */,
				82EEE08947A6F682D02C86C2 /* [CP] Embed Pods Frameworks */,
				D363810386DD143D0408930D /* [CP] Copy Pods Resources */,
			);
			buildRules = (
			);
			dependencies = (
			);
			name = AvaChallenge;
			productName = AvaChallenge;
			productReference = CB721F551D57F4DB00064085 /* AvaChallenge.app */;
			productType = "com.apple.product-type.application";
		};
/* End PBXNativeTarget section */

/* Begin PBXProject section */
		CB721F4D1D57F4DB00064085 /* Project object */ = {
			isa = PBXProject;
			attributes = {
				LastSwiftUpdateCheck = 0730;
				LastUpgradeCheck = 0730;
				ORGANIZATIONNAME = PhantomUniversalMediaProductions;
				TargetAttributes = {
					CB721F541D57F4DB00064085 = {
						CreatedOnToolsVersion = 7.3.1;
						DevelopmentTeam = ZZ32G7S6G8;
					};
				};
			};
			buildConfigurationList = CB721F501D57F4DB00064085 /* Build configuration list for PBXProject "AvaChallenge" */;
			compatibilityVersion = "Xcode 3.2";
			developmentRegion = English;
			hasScannedForEncodings = 0;
			knownRegions = (
				en,
				Base,
			);
			mainGroup = CB721F4C1D57F4DB00064085;
			productRefGroup = CB721F561D57F4DB00064085 /* Products */;
			projectDirPath = "";
			projectRoot = "";
			targets = (
				CB721F541D57F4DB00064085 /* AvaChallenge */,
			);
		};
/* End PBXProject section */

/* Begin PBXResourcesBuildPhase section */
		CB721F531D57F4DB00064085 /* Resources */ = {
			isa = PBXResourcesBuildPhase;
			buildActionMask = 2147483647;
			files = (
				3CB4A919DE3BD4FD7CEE5A26 /* Assets.xcassets in Resources */,
				3CB4AF48B0056080FC3AD301 /* LaunchScreen.storyboard in Resources */,
				CB60DAD81D5B74C000CF6E28 /* TranscriptHeaderView.xib in Resources */,
				3CB4A2131438B1240A69836D /* Main.storyboard in Resources */,
				3CB4AFEB482D11D5AD552799 /* DataFlowNotes in Resources */,
				3CB4A6DFBB930A0115443352 /* ClientInfo.plist in Resources */,
			);
			runOnlyForDeploymentPostprocessing = 0;
		};
/* End PBXResourcesBuildPhase section */

/* Begin PBXShellScriptBuildPhase section */
		7DA70A2D385A31AB7CF2DB2B /* [CP] Check Pods Manifest.lock */ = {
			isa = PBXShellScriptBuildPhase;
			buildActionMask = 2147483647;
			files = (
			);
			inputPaths = (
			);
			name = "[CP] Check Pods Manifest.lock";
			outputPaths = (
			);
			runOnlyForDeploymentPostprocessing = 0;
			shellPath = /bin/sh;
			shellScript = "diff \"${PODS_ROOT}/../Podfile.lock\" \"${PODS_ROOT}/Manifest.lock\" > /dev/null\nif [[ $? != 0 ]] ; then\n    cat << EOM\nerror: The sandbox is not in sync with the Podfile.lock. Run 'pod install' or update your CocoaPods installation.\nEOM\n    exit 1\nfi\n";
			showEnvVarsInLog = 0;
		};
		82EEE08947A6F682D02C86C2 /* [CP] Embed Pods Frameworks */ = {
			isa = PBXShellScriptBuildPhase;
			buildActionMask = 2147483647;
			files = (
			);
			inputPaths = (
			);
			name = "[CP] Embed Pods Frameworks";
			outputPaths = (
			);
			runOnlyForDeploymentPostprocessing = 0;
			shellPath = /bin/sh;
			shellScript = "\"${SRCROOT}/../../../../../Desktop/AvaChallengeTranscriptDemo-master/Pods/Target Support Files/Pods-AvaChallenge/Pods-AvaChallenge-frameworks.sh\"\n";
			showEnvVarsInLog = 0;
		};
		D363810386DD143D0408930D /* [CP] Copy Pods Resources */ = {
			isa = PBXShellScriptBuildPhase;
			buildActionMask = 2147483647;
			files = (
			);
			inputPaths = (
			);
			name = "[CP] Copy Pods Resources";
			outputPaths = (
			);
			runOnlyForDeploymentPostprocessing = 0;
			shellPath = /bin/sh;
			shellScript = "\"${SRCROOT}/../../../../../Desktop/AvaChallengeTranscriptDemo-master/Pods/Target Support Files/Pods-AvaChallenge/Pods-AvaChallenge-resources.sh\"\n";
			showEnvVarsInLog = 0;
		};
/* End PBXShellScriptBuildPhase section */

/* Begin PBXSourcesBuildPhase section */
		CB721F511D57F4DB00064085 /* Sources */ = {
			isa = PBXSourcesBuildPhase;
			buildActionMask = 2147483647;
			files = (
				3CB4A5B78781C0E6F3F1DEE9 /* AvaMessage.swift in Sources */,
				3CB4A1C98116688B2DEF4945 /* AvaMessageCenter.swift in Sources */,
				3CB4A9A5A53144B940ACAD5F /* AvaUser.swift in Sources */,
				CB15F9861D599B17002865B3 /* AvaMessage+TableView.swift in Sources */,
				3CB4A6312E516C3F4674CF11 /* ProfileIconView.swift in Sources */,
				3CB4AB39ACC60FE35C3E7834 /* TranscriptionPageViewController.swift in Sources */,
				3CB4A5AC24277C9BB701F40E /* UITableView+Scroll.swift in Sources */,
				3CB4A7E379B5DDB720549779 /* AppDelegate.swift in Sources */,
				3CB4AEC60668E5BFD8C55E4A /* AudioManager.swift in Sources */,
				3CB4AC21C494EB1B848F8157 /* AudioUtils.swift in Sources */,
				CB0896F21D5B4466007C6A28 /* AvaMessageCluster.swift in Sources */,
				CB0896F61D5B5A1B007C6A28 /* TranscriptHeaderView.swift in Sources */,
				3CB4AB36AF61183C4C1108CC /* Bool+Int.swift in Sources */,
				3CB4ABA6D67695FEF1290CDD /* TranscriptCell.swift in Sources */,
			);
			runOnlyForDeploymentPostprocessing = 0;
		};
/* End PBXSourcesBuildPhase section */

/* Begin PBXVariantGroup section */
		3CB4ADC7F74385B1C2BA8872 /* LaunchScreen.storyboard */ = {
			isa = PBXVariantGroup;
			children = (
				3CB4A568EA3CEF97CCC7BED8 /* Base */,
			);
			name = LaunchScreen.storyboard;
			sourceTree = "<group>";
		};
		3CB4AF9BFF9BE7018F2C29B4 /* Main.storyboard */ = {
			isa = PBXVariantGroup;
			children = (
				3CB4AC0ED239F442001DB515 /* Base */,
			);
			name = Main.storyboard;
			sourceTree = "<group>";
		};
/* End PBXVariantGroup section */

/* Begin XCBuildConfiguration section */
		CB721F651D57F4DB00064085 /* Debug */ = {
			isa = XCBuildConfiguration;
			buildSettings = {
				ALWAYS_SEARCH_USER_PATHS = NO;
				CLANG_ANALYZER_NONNULL = YES;
				CLANG_CXX_LANGUAGE_STANDARD = "gnu++0x";
				CLANG_CXX_LIBRARY = "libc++";
				CLANG_ENABLE_MODULES = YES;
				CLANG_ENABLE_OBJC_ARC = YES;
				CLANG_WARN_BOOL_CONVERSION = YES;
				CLANG_WARN_CONSTANT_CONVERSION = YES;
				CLANG_WARN_DIRECT_OBJC_ISA_USAGE = YES_ERROR;
				CLANG_WARN_EMPTY_BODY = YES;
				CLANG_WARN_ENUM_CONVERSION = YES;
				CLANG_WARN_INT_CONVERSION = YES;
				CLANG_WARN_OBJC_ROOT_CLASS = YES_ERROR;
				CLANG_WARN_UNREACHABLE_CODE = YES;
				CLANG_WARN__DUPLICATE_METHOD_MATCH = YES;
				"CODE_SIGN_IDENTITY[sdk=iphoneos*]" = "iPhone Developer";
				COPY_PHASE_STRIP = NO;
				DEBUG_INFORMATION_FORMAT = dwarf;
				ENABLE_STRICT_OBJC_MSGSEND = YES;
				ENABLE_TESTABILITY = YES;
				GCC_C_LANGUAGE_STANDARD = gnu99;
				GCC_DYNAMIC_NO_PIC = NO;
				GCC_NO_COMMON_BLOCKS = YES;
				GCC_OPTIMIZATION_LEVEL = 0;
				GCC_PREPROCESSOR_DEFINITIONS = (
					"DEBUG=1",
					"$(inherited)",
				);
				GCC_WARN_64_TO_32_BIT_CONVERSION = YES;
				GCC_WARN_ABOUT_RETURN_TYPE = YES_ERROR;
				GCC_WARN_UNDECLARED_SELECTOR = YES;
				GCC_WARN_UNINITIALIZED_AUTOS = YES_AGGRESSIVE;
				GCC_WARN_UNUSED_FUNCTION = YES;
				GCC_WARN_UNUSED_VARIABLE = YES;
				IPHONEOS_DEPLOYMENT_TARGET = 9.3;
				MTL_ENABLE_DEBUG_INFO = YES;
				ONLY_ACTIVE_ARCH = YES;
				SDKROOT = iphoneos;
				SWIFT_OPTIMIZATION_LEVEL = "-Onone";
			};
			name = Debug;
		};
		CB721F661D57F4DB00064085 /* Release */ = {
			isa = XCBuildConfiguration;
			buildSettings = {
				ALWAYS_SEARCH_USER_PATHS = NO;
				CLANG_ANALYZER_NONNULL = YES;
				CLANG_CXX_LANGUAGE_STANDARD = "gnu++0x";
				CLANG_CXX_LIBRARY = "libc++";
				CLANG_ENABLE_MODULES = YES;
				CLANG_ENABLE_OBJC_ARC = YES;
				CLANG_WARN_BOOL_CONVERSION = YES;
				CLANG_WARN_CONSTANT_CONVERSION = YES;
				CLANG_WARN_DIRECT_OBJC_ISA_USAGE = YES_ERROR;
				CLANG_WARN_EMPTY_BODY = YES;
				CLANG_WARN_ENUM_CONVERSION = YES;
				CLANG_WARN_INT_CONVERSION = YES;
				CLANG_WARN_OBJC_ROOT_CLASS = YES_ERROR;
				CLANG_WARN_UNREACHABLE_CODE = YES;
				CLANG_WARN__DUPLICATE_METHOD_MATCH = YES;
				"CODE_SIGN_IDENTITY[sdk=iphoneos*]" = "iPhone Developer";
				COPY_PHASE_STRIP = NO;
				DEBUG_INFORMATION_FORMAT = "dwarf-with-dsym";
				ENABLE_NS_ASSERTIONS = NO;
				ENABLE_STRICT_OBJC_MSGSEND = YES;
				GCC_C_LANGUAGE_STANDARD = gnu99;
				GCC_NO_COMMON_BLOCKS = YES;
				GCC_WARN_64_TO_32_BIT_CONVERSION = YES;
				GCC_WARN_ABOUT_RETURN_TYPE = YES_ERROR;
				GCC_WARN_UNDECLARED_SELECTOR = YES;
				GCC_WARN_UNINITIALIZED_AUTOS = YES_AGGRESSIVE;
				GCC_WARN_UNUSED_FUNCTION = YES;
				GCC_WARN_UNUSED_VARIABLE = YES;
				IPHONEOS_DEPLOYMENT_TARGET = 9.3;
				MTL_ENABLE_DEBUG_INFO = NO;
				SDKROOT = iphoneos;
				VALIDATE_PRODUCT = YES;
			};
			name = Release;
		};
		CB721F681D57F4DB00064085 /* Debug */ = {
			isa = XCBuildConfiguration;
			baseConfigurationReference = 177D471B53E8676061FCFC1B /* Pods-AvaChallenge.debug.xcconfig */;
			buildSettings = {
				ASSETCATALOG_COMPILER_APPICON_NAME = AppIcon;
				CODE_SIGN_IDENTITY = "iPhone Developer";
				"CODE_SIGN_IDENTITY[sdk=iphoneos*]" = "iPhone Developer";
				INFOPLIST_FILE = AvaChallenge/Info.plist;
				LD_RUNPATH_SEARCH_PATHS = "$(inherited) @executable_path/Frameworks";
				PRODUCT_BUNDLE_IDENTIFIER = com.phantomuniversal.AvaChallenge;
				PRODUCT_NAME = "$(TARGET_NAME)";
				PROVISIONING_PROFILE = "";
			};
			name = Debug;
		};
		CB721F691D57F4DB00064085 /* Release */ = {
			isa = XCBuildConfiguration;
			baseConfigurationReference = 3E887ADCC34BEF5D3D42EAC5 /* Pods-AvaChallenge.release.xcconfig */;
			buildSettings = {
				ASSETCATALOG_COMPILER_APPICON_NAME = AppIcon;
				CODE_SIGN_IDENTITY = "iPhone Developer";
				"CODE_SIGN_IDENTITY[sdk=iphoneos*]" = "iPhone Developer";
				INFOPLIST_FILE = AvaChallenge/Info.plist;
				LD_RUNPATH_SEARCH_PATHS = "$(inherited) @executable_path/Frameworks";
				PRODUCT_BUNDLE_IDENTIFIER = com.phantomuniversal.AvaChallenge;
				PRODUCT_NAME = "$(TARGET_NAME)";
				PROVISIONING_PROFILE = "";
			};
			name = Release;
		};
/* End XCBuildConfiguration section */

/* Begin XCConfigurationList section */
		CB721F501D57F4DB00064085 /* Build configuration list for PBXProject "AvaChallenge" */ = {
			isa = XCConfigurationList;
			buildConfigurations = (
				CB721F651D57F4DB00064085 /* Debug */,
				CB721F661D57F4DB00064085 /* Release */,
			);
			defaultConfigurationIsVisible = 0;
			defaultConfigurationName = Release;
		};
		CB721F671D57F4DB00064085 /* Build configuration list for PBXNativeTarget "AvaChallenge" */ = {
			isa = XCConfigurationList;
			buildConfigurations = (
				CB721F681D57F4DB00064085 /* Debug */,
				CB721F691D57F4DB00064085 /* Release */,
			);
			defaultConfigurationIsVisible = 0;
			defaultConfigurationName = Release;
		};
/* End XCConfigurationList section */
	};
	rootObject = CB721F4D1D57F4DB00064085 /* Project object */;
}
